
Microsoft Visual Studio Solution File, Format Version 12.00
# Visual Studio 15
Project("{2150E333-8FDC-42A3-9474-1A3956D46DE8}") = "Api", "Api", "{D41EA012-D5D3-420C-A4A5-A8C5EE69746C}"
EndProject
Project("{2150E333-8FDC-42A3-9474-1A3956D46DE8}") = "Hosts", "Hosts", "{CD73F43F-CE7F-4CF7-8065-FE7D9AB8EF4C}"
EndProject
Project("{2150E333-8FDC-42A3-9474-1A3956D46DE8}") = "Services", "Services", "{491E8451-68FA-41A0-97BD-364F5D3360CA}"
EndProject
Project("{2150E333-8FDC-42A3-9474-1A3956D46DE8}") = "Tests", "Tests", "{9712EA7A-26AE-4C2C-A7DC-F70DA09578AF}"
EndProject
Project("{FAE04EC0-301F-11D3-BF4B-00C04F79EFBC}") = "Tenon.Backend.Api.Hosts", "Api\Hosts\Tenon.Backend.Api.Hosts.csproj", "{E9D923C1-FA42-4E8C-BD33-817E39DCAD8E}"
EndProject
Project("{2150E333-8FDC-42A3-9474-1A3956D46DE8}") = "Identity", "Identity", "{F63E5D9B-F9A3-4E28-9887-E3802FF6DFC5}"
EndProject
Project("{FAE04EC0-301F-11D3-BF4B-00C04F79EFBC}") = "Tenon.Backend.Api.Services.Contracts", "Api\Services\Contracts\Tenon.Backend.Api.Services.Contracts.csproj", "{D3CCF33D-FE08-42CD-AE62-26933F1C532A}"
EndProject
Project("{FAE04EC0-301F-11D3-BF4B-00C04F79EFBC}") = "Tenon.Backend.Api.Services.Implementation", "Api\Services\Implementation\Tenon.Backend.Api.Services.Implementation.csproj", "{13579163-33E4-4B45-B333-14C110B87A92}"
EndProject
Project("{FAE04EC0-301F-11D3-BF4B-00C04F79EFBC}") = "Tenon.Backend.Api.Services.Entities", "Api\Services\Entities\Tenon.Backend.Api.Services.Entities.csproj", "{DB5EEEE7-CDB3-49FF-9F08-D817FCDC3C65}"
EndProject
Project("{2150E333-8FDC-42A3-9474-1A3956D46DE8}") = "Repositories", "Repositories", "{8EDD253C-4BDE-4AAE-BC0F-BC0F2F0C340D}"
EndProject
Project("{2150E333-8FDC-42A3-9474-1A3956D46DE8}") = "Repositories", "Repositories", "{6281EB5F-DB60-44E5-929A-38F62C58B12B}"
EndProject
Project("{2150E333-8FDC-42A3-9474-1A3956D46DE8}") = "Hosts", "Hosts", "{FB4ED745-96B0-425D-9B16-6D1A33B79BB4}"
EndProject
Project("{2150E333-8FDC-42A3-9474-1A3956D46DE8}") = "Services", "Services", "{7C286F34-A371-42A0-B234-A22DF5977A58}"
EndProject
Project("{FAE04EC0-301F-11D3-BF4B-00C04F79EFBC}") = "Tenon.Backend.Api.Repositories.Implementation", "Api\Repositories\Implementation\Tenon.Backend.Api.Repositories.Implementation.csproj", "{0443B85C-E733-4C31-BD87-CFBFC3B31CB3}"
EndProject
Project("{FAE04EC0-301F-11D3-BF4B-00C04F79EFBC}") = "Tenon.Backend.Api.Repositories.Contracts", "Api\Repositories\Contracts\Tenon.Backend.Api.Repositories.Contracts.csproj", "{2BAF4EAD-F4AB-43EF-8658-4F244684E20E}"
EndProject
Global
	GlobalSection(SolutionConfigurationPlatforms) = preSolution
		Debug|Any CPU = Debug|Any CPU
		Release|Any CPU = Release|Any CPU
	EndGlobalSection
	GlobalSection(ProjectConfigurationPlatforms) = postSolution
		{E9D923C1-FA42-4E8C-BD33-817E39DCAD8E}.Debug|Any CPU.ActiveCfg = Debug|Any CPU
		{E9D923C1-FA42-4E8C-BD33-817E39DCAD8E}.Debug|Any CPU.Build.0 = Debug|Any CPU
		{E9D923C1-FA42-4E8C-BD33-817E39DCAD8E}.Release|Any CPU.ActiveCfg = Release|Any CPU
		{E9D923C1-FA42-4E8C-BD33-817E39DCAD8E}.Release|Any CPU.Build.0 = Release|Any CPU
		{D3CCF33D-FE08-42CD-AE62-26933F1C532A}.Debug|Any CPU.ActiveCfg = Debug|Any CPU
		{D3CCF33D-FE08-42CD-AE62-26933F1C532A}.Debug|Any CPU.Build.0 = Debug|Any CPU
		{D3CCF33D-FE08-42CD-AE62-26933F1C532A}.Release|Any CPU.ActiveCfg = Release|Any CPU
		{D3CCF33D-FE08-42CD-AE62-26933F1C532A}.Release|Any CPU.Build.0 = Release|Any CPU
		{13579163-33E4-4B45-B333-14C110B87A92}.Debug|Any CPU.ActiveCfg = Debug|Any CPU
		{13579163-33E4-4B45-B333-14C110B87A92}.Debug|Any CPU.Build.0 = Debug|Any CPU
		{13579163-33E4-4B45-B333-14C110B87A92}.Release|Any CPU.ActiveCfg = Release|Any CPU
		{13579163-33E4-4B45-B333-14C110B87A92}.Release|Any CPU.Build.0 = Release|Any CPU
		{DB5EEEE7-CDB3-49FF-9F08-D817FCDC3C65}.Debug|Any CPU.ActiveCfg = Debug|Any CPU
		{DB5EEEE7-CDB3-49FF-9F08-D817FCDC3C65}.Debug|Any CPU.Build.0 = Debug|Any CPU
		{DB5EEEE7-CDB3-49FF-9F08-D817FCDC3C65}.Release|Any CPU.ActiveCfg = Release|Any CPU
		{DB5EEEE7-CDB3-49FF-9F08-D817FCDC3C65}.Release|Any CPU.Build.0 = Release|Any CPU
		{0443B85C-E733-4C31-BD87-CFBFC3B31CB3}.Debug|Any CPU.ActiveCfg = Debug|Any CPU
		{0443B85C-E733-4C31-BD87-CFBFC3B31CB3}.Debug|Any CPU.Build.0 = Debug|Any CPU
		{0443B85C-E733-4C31-BD87-CFBFC3B31CB3}.Release|Any CPU.ActiveCfg = Release|Any CPU
		{0443B85C-E733-4C31-BD87-CFBFC3B31CB3}.Release|Any CPU.Build.0 = Release|Any CPU
		{2BAF4EAD-F4AB-43EF-8658-4F244684E20E}.Debug|Any CPU.ActiveCfg = Debug|Any CPU
		{2BAF4EAD-F4AB-43EF-8658-4F244684E20E}.Debug|Any CPU.Build.0 = Debug|Any CPU
		{2BAF4EAD-F4AB-43EF-8658-4F244684E20E}.Release|Any CPU.ActiveCfg = Release|Any CPU
		{2BAF4EAD-F4AB-43EF-8658-4F244684E20E}.Release|Any CPU.Build.0 = Release|Any CPU
	EndGlobalSection
	GlobalSection(NestedProjects) = preSolution
		{CD73F43F-CE7F-4CF7-8065-FE7D9AB8EF4C} = {D41EA012-D5D3-420C-A4A5-A8C5EE69746C}
		{491E8451-68FA-41A0-97BD-364F5D3360CA} = {D41EA012-D5D3-420C-A4A5-A8C5EE69746C}
		{9712EA7A-26AE-4C2C-A7DC-F70DA09578AF} = {D41EA012-D5D3-420C-A4A5-A8C5EE69746C}
		{E9D923C1-FA42-4E8C-BD33-817E39DCAD8E} = {CD73F43F-CE7F-4CF7-8065-FE7D9AB8EF4C}
		{D3CCF33D-FE08-42CD-AE62-26933F1C532A} = {491E8451-68FA-41A0-97BD-364F5D3360CA}
		{13579163-33E4-4B45-B333-14C110B87A92} = {491E8451-68FA-41A0-97BD-364F5D3360CA}
		{DB5EEEE7-CDB3-49FF-9F08-D817FCDC3C65} = {491E8451-68FA-41A0-97BD-364F5D3360CA}
		{8EDD253C-4BDE-4AAE-BC0F-BC0F2F0C340D} = {D41EA012-D5D3-420C-A4A5-A8C5EE69746C}
		{6281EB5F-DB60-44E5-929A-38F62C58B12B} = {9712EA7A-26AE-4C2C-A7DC-F70DA09578AF}
		{FB4ED745-96B0-425D-9B16-6D1A33B79BB4} = {9712EA7A-26AE-4C2C-A7DC-F70DA09578AF}
		{7C286F34-A371-42A0-B234-A22DF5977A58} = {9712EA7A-26AE-4C2C-A7DC-F70DA09578AF}
		{0443B85C-E733-4C31-BD87-CFBFC3B31CB3} = {8EDD253C-4BDE-4AAE-BC0F-BC0F2F0C340D}
		{2BAF4EAD-F4AB-43EF-8658-4F244684E20E} = {8EDD253C-4BDE-4AAE-BC0F-BC0F2F0C340D}
	EndGlobalSection
EndGlobal
